// !$*UTF8*$!
{
	archiveVersion = 1;
	classes = {
	};
	objectVersion = 56;
	objects = {

/* Begin PBXBuildFile section */
		34A0A2992C82137600DCC628 /* KeychainSwiftExample.swift in Sources */ = {isa = PBXBuildFile; fileRef = 34A0A2982C82137600DCC628 /* KeychainSwiftExample.swift */; };
		34A0A29C2C82145900DCC628 /* KeychainSwift in Frameworks */ = {isa = PBXBuildFile; productRef = 34A0A29B2C82145900DCC628 /* KeychainSwift */; };
		34DCC28C2C80CD590063A9EC /* ImageLoader.swift in Sources */ = {isa = PBXBuildFile; fileRef = 34DCC28B2C80CD590063A9EC /* ImageLoader.swift */; };
		34DCC28E2C80CE0C0063A9EC /* ImagePrefetcher.swift in Sources */ = {isa = PBXBuildFile; fileRef = 34DCC28D2C80CE0C0063A9EC /* ImagePrefetcher.swift */; };
		34DCC2922C80CFA20063A9EC /* KingfisherImageLoader.swift in Sources */ = {isa = PBXBuildFile; fileRef = 34DCC2912C80CFA20063A9EC /* KingfisherImageLoader.swift */; };
		34DCC2952C80D06E0063A9EC /* Kingfisher in Frameworks */ = {isa = PBXBuildFile; productRef = 34DCC2942C80D06E0063A9EC /* Kingfisher */; };
		34FC25D82C7E2D98000E90BD /* SwiftPackagesApp.swift in Sources */ = {isa = PBXBuildFile; fileRef = 34FC25D72C7E2D98000E90BD /* SwiftPackagesApp.swift */; };
		34FC25DA2C7E2D98000E90BD /* ContentView.swift in Sources */ = {isa = PBXBuildFile; fileRef = 34FC25D92C7E2D98000E90BD /* ContentView.swift */; };
		34FC25DC2C7E2D99000E90BD /* Assets.xcassets in Resources */ = {isa = PBXBuildFile; fileRef = 34FC25DB2C7E2D99000E90BD /* Assets.xcassets */; };
		34FC25DF2C7E2D99000E90BD /* Preview Assets.xcassets in Resources */ = {isa = PBXBuildFile; fileRef = 34FC25DE2C7E2D99000E90BD /* Preview Assets.xcassets */; };
		34FC25E72C7E2F38000E90BD /* SDWebImageSwiftUI in Frameworks */ = {isa = PBXBuildFile; productRef = 34FC25E62C7E2F38000E90BD /* SDWebImageSwiftUI */; };
		34FC25E92C7E2FAC000E90BD /* SDWebImageExample.swift in Sources */ = {isa = PBXBuildFile; fileRef = 34FC25E82C7E2FAC000E90BD /* SDWebImageExample.swift */; };
/* End PBXBuildFile section */

/* Begin PBXFileReference section */
		34A0A2982C82137600DCC628 /* KeychainSwiftExample.swift */ = {isa = PBXFileReference; lastKnownFileType = sourcecode.swift; path = KeychainSwiftExample.swift; sourceTree = "<group>"; };
		34DCC28B2C80CD590063A9EC /* ImageLoader.swift */ = {isa = PBXFileReference; lastKnownFileType = sourcecode.swift; path = ImageLoader.swift; sourceTree = "<group>"; };
		34DCC28D2C80CE0C0063A9EC /* ImagePrefetcher.swift */ = {isa = PBXFileReference; lastKnownFileType = sourcecode.swift; path = ImagePrefetcher.swift; sourceTree = "<group>"; };
		34DCC2912C80CFA20063A9EC /* KingfisherImageLoader.swift */ = {isa = PBXFileReference; lastKnownFileType = sourcecode.swift; path = KingfisherImageLoader.swift; sourceTree = "<group>"; };
		34FC25D42C7E2D98000E90BD /* SwiftPackages.app */ = {isa = PBXFileReference; explicitFileType = wrapper.application; includeInIndex = 0; path = SwiftPackages.app; sourceTree = BUILT_PRODUCTS_DIR; };
		34FC25D72C7E2D98000E90BD /* SwiftPackagesApp.swift */ = {isa = PBXFileReference; lastKnownFileType = sourcecode.swift; path = SwiftPackagesApp.swift; sourceTree = "<group>"; };
		34FC25D92C7E2D98000E90BD /* ContentView.swift */ = {isa = PBXFileReference; lastKnownFileType = sourcecode.swift; path = ContentView.swift; sourceTree = "<group>"; };
		34FC25DB2C7E2D99000E90BD /* Assets.xcassets */ = {isa = PBXFileReference; lastKnownFileType = folder.assetcatalog; path = Assets.xcassets; sourceTree = "<group>"; };
		34FC25DE2C7E2D99000E90BD /* Preview Assets.xcassets */ = {isa = PBXFileReference; lastKnownFileType = folder.assetcatalog; path = "Preview Assets.xcassets"; sourceTree = "<group>"; };
		34FC25E82C7E2FAC000E90BD /* SDWebImageExample.swift */ = {isa = PBXFileReference; lastKnownFileType = sourcecode.swift; path = SDWebImageExample.swift; sourceTree = "<group>"; };
/* End PBXFileReference section */

/* Begin PBXFrameworksBuildPhase section */
		34FC25D12C7E2D98000E90BD /* Frameworks */ = {
			isa = PBXFrameworksBuildPhase;
			buildActionMask = 2147483647;
			files = (
				34A0A29C2C82145900DCC628 /* KeychainSwift in Frameworks */,
				34DCC2952C80D06E0063A9EC /* Kingfisher in Frameworks */,
				34FC25E72C7E2F38000E90BD /* SDWebImageSwiftUI in Frameworks */,
			);
			runOnlyForDeploymentPostprocessing = 0;
		};
/* End PBXFrameworksBuildPhase section */

/* Begin PBXGroup section */
		34A0A2972C82135E00DCC628 /* Keychains */ = {
			isa = PBXGroup;
			children = (
				34A0A2982C82137600DCC628 /* KeychainSwiftExample.swift */,
			);
			path = Keychains;
			sourceTree = "<group>";
		};
		34DCC28A2C80CD3F0063A9EC /* ImageLoading */ = {
			isa = PBXGroup;
			children = (
				34DCC2902C80CF5C0063A9EC /* Generic */,
				34DCC28F2C80CF510063A9EC /* SPMs */,
			);
			path = ImageLoading;
			sourceTree = "<group>";
		};
		34DCC28F2C80CF510063A9EC /* SPMs */ = {
			isa = PBXGroup;
			children = (
				34DCC2912C80CFA20063A9EC /* KingfisherImageLoader.swift */,
				34FC25E82C7E2FAC000E90BD /* SDWebImageExample.swift */,
			);
			path = SPMs;
			sourceTree = "<group>";
		};
		34DCC2902C80CF5C0063A9EC /* Generic */ = {
			isa = PBXGroup;
			children = (
				34DCC28B2C80CD590063A9EC /* ImageLoader.swift */,
				34DCC28D2C80CE0C0063A9EC /* ImagePrefetcher.swift */,
			);
			path = Generic;
			sourceTree = "<group>";
		};
		34FC25CB2C7E2D97000E90BD = {
			isa = PBXGroup;
			children = (
				34FC25D62C7E2D98000E90BD /* SwiftPackages */,
				34FC25D52C7E2D98000E90BD /* Products */,
			);
			sourceTree = "<group>";
		};
		34FC25D52C7E2D98000E90BD /* Products */ = {
			isa = PBXGroup;
			children = (
				34FC25D42C7E2D98000E90BD /* SwiftPackages.app */,
			);
			name = Products;
			sourceTree = "<group>";
		};
		34FC25D62C7E2D98000E90BD /* SwiftPackages */ = {
			isa = PBXGroup;
			children = (
				34FC25D72C7E2D98000E90BD /* SwiftPackagesApp.swift */,
				34FC25D92C7E2D98000E90BD /* ContentView.swift */,
				34A0A2972C82135E00DCC628 /* Keychains */,
				34DCC28A2C80CD3F0063A9EC /* ImageLoading */,
				34FC25DB2C7E2D99000E90BD /* Assets.xcassets */,
				34FC25DD2C7E2D99000E90BD /* Preview Content */,
			);
			path = SwiftPackages;
			sourceTree = "<group>";
		};
		34FC25DD2C7E2D99000E90BD /* Preview Content */ = {
			isa = PBXGroup;
			children = (
				34FC25DE2C7E2D99000E90BD /* Preview Assets.xcassets */,
			);
			path = "Preview Content";
			sourceTree = "<group>";
		};
/* End PBXGroup section */

/* Begin PBXNativeTarget section */
		34FC25D32C7E2D98000E90BD /* SwiftPackages */ = {
			isa = PBXNativeTarget;
			buildConfigurationList = 34FC25E22C7E2D99000E90BD /* Build configuration list for PBXNativeTarget "SwiftPackages" */;
			buildPhases = (
				34FC25D02C7E2D98000E90BD /* Sources */,
				34FC25D12C7E2D98000E90BD /* Frameworks */,
				34FC25D22C7E2D98000E90BD /* Resources */,
			);
			buildRules = (
			);
			dependencies = (
			);
			name = SwiftPackages;
			packageProductDependencies = (
				34FC25E62C7E2F38000E90BD /* SDWebImageSwiftUI */,
				34DCC2942C80D06E0063A9EC /* Kingfisher */,
				34A0A29B2C82145900DCC628 /* KeychainSwift */,
			);
			productName = SwiftPackages;
			productReference = 34FC25D42C7E2D98000E90BD /* SwiftPackages.app */;
			productType = "com.apple.product-type.application";
		};
/* End PBXNativeTarget section */

/* Begin PBXProject section */
		34FC25CC2C7E2D97000E90BD /* Project object */ = {
			isa = PBXProject;
			attributes = {
				BuildIndependentTargetsInParallel = 1;
				LastSwiftUpdateCheck = 1540;
				LastUpgradeCheck = 1540;
				TargetAttributes = {
					34FC25D32C7E2D98000E90BD = {
						CreatedOnToolsVersion = 15.4;
					};
				};
			};
			buildConfigurationList = 34FC25CF2C7E2D97000E90BD /* Build configuration list for PBXProject "SwiftPackages" */;
			compatibilityVersion = "Xcode 14.0";
			developmentRegion = en;
			hasScannedForEncodings = 0;
			knownRegions = (
				en,
				Base,
			);
			mainGroup = 34FC25CB2C7E2D97000E90BD;
			packageReferences = (
				34FC25E52C7E2F38000E90BD /* XCRemoteSwiftPackageReference "SDWebImageSwiftUI" */,
				34DCC2932C80D06E0063A9EC /* XCRemoteSwiftPackageReference "Kingfisher" */,
				34A0A29A2C82145900DCC628 /* XCRemoteSwiftPackageReference "keychain-swift" */,
			);
			productRefGroup = 34FC25D52C7E2D98000E90BD /* Products */;
			projectDirPath = "";
			projectRoot = "";
			targets = (
				34FC25D32C7E2D98000E90BD /* SwiftPackages */,
			);
		};
/* End PBXProject section */

/* Begin PBXResourcesBuildPhase section */
		34FC25D22C7E2D98000E90BD /* Resources */ = {
			isa = PBXResourcesBuildPhase;
			buildActionMask = 2147483647;
			files = (
				34FC25DF2C7E2D99000E90BD /* Preview Assets.xcassets in Resources */,
				34FC25DC2C7E2D99000E90BD /* Assets.xcassets in Resources */,
			);
			runOnlyForDeploymentPostprocessing = 0;
		};
/* End PBXResourcesBuildPhase section */

/* Begin PBXSourcesBuildPhase section */
		34FC25D02C7E2D98000E90BD /* Sources */ = {
			isa = PBXSourcesBuildPhase;
			buildActionMask = 2147483647;
			files = (
				34DCC2922C80CFA20063A9EC /* KingfisherImageLoader.swift in Sources */,
				34FC25E92C7E2FAC000E90BD /* SDWebImageExample.swift in Sources */,
				34A0A2992C82137600DCC628 /* KeychainSwiftExample.swift in Sources */,
				34FC25DA2C7E2D98000E90BD /* ContentView.swift in Sources */,
				34DCC28C2C80CD590063A9EC /* ImageLoader.swift in Sources */,
				34DCC28E2C80CE0C0063A9EC /* ImagePrefetcher.swift in Sources */,
				34FC25D82C7E2D98000E90BD /* SwiftPackagesApp.swift in Sources */,
			);
			runOnlyForDeploymentPostprocessing = 0;
		};
/* End PBXSourcesBuildPhase section */

/* Begin XCBuildConfiguration section */
		34FC25E02C7E2D99000E90BD /* Debug */ = {
			isa = XCBuildConfiguration;
			buildSettings = {
				ALWAYS_SEARCH_USER_PATHS = NO;
				ASSETCATALOG_COMPILER_GENERATE_SWIFT_ASSET_SYMBOL_EXTENSIONS = YES;
				CLANG_ANALYZER_NONNULL = YES;
				CLANG_ANALYZER_NUMBER_OBJECT_CONVERSION = YES_AGGRESSIVE;
				CLANG_CXX_LANGUAGE_STANDARD = "gnu++20";
				CLANG_ENABLE_MODULES = YES;
				CLANG_ENABLE_OBJC_ARC = YES;
				CLANG_ENABLE_OBJC_WEAK = YES;
				CLANG_WARN_BLOCK_CAPTURE_AUTORELEASING = YES;
				CLANG_WARN_BOOL_CONVERSION = YES;
				CLANG_WARN_COMMA = YES;
				CLANG_WARN_CONSTANT_CONVERSION = YES;
				CLANG_WARN_DEPRECATED_OBJC_IMPLEMENTATIONS = YES;
				CLANG_WARN_DIRECT_OBJC_ISA_USAGE = YES_ERROR;
				CLANG_WARN_DOCUMENTATION_COMMENTS = YES;
				CLANG_WARN_EMPTY_BODY = YES;
				CLANG_WARN_ENUM_CONVERSION = YES;
				CLANG_WARN_INFINITE_RECURSION = YES;
				CLANG_WARN_INT_CONVERSION = YES;
				CLANG_WARN_NON_LITERAL_NULL_CONVERSION = YES;
				CLANG_WARN_OBJC_IMPLICIT_RETAIN_SELF = YES;
				CLANG_WARN_OBJC_LITERAL_CONVERSION = YES;
				CLANG_WARN_OBJC_ROOT_CLASS = YES_ERROR;
				CLANG_WARN_QUOTED_INCLUDE_IN_FRAMEWORK_HEADER = YES;
				CLANG_WARN_RANGE_LOOP_ANALYSIS = YES;
				CLANG_WARN_STRICT_PROTOTYPES = YES;
				CLANG_WARN_SUSPICIOUS_MOVE = YES;
				CLANG_WARN_UNGUARDED_AVAILABILITY = YES_AGGRESSIVE;
				CLANG_WARN_UNREACHABLE_CODE = YES;
				CLANG_WARN__DUPLICATE_METHOD_MATCH = YES;
				COPY_PHASE_STRIP = NO;
				DEBUG_INFORMATION_FORMAT = dwarf;
				ENABLE_STRICT_OBJC_MSGSEND = YES;
				ENABLE_TESTABILITY = YES;
				ENABLE_USER_SCRIPT_SANDBOXING = YES;
				GCC_C_LANGUAGE_STANDARD = gnu17;
				GCC_DYNAMIC_NO_PIC = NO;
				GCC_NO_COMMON_BLOCKS = YES;
				GCC_OPTIMIZATION_LEVEL = 0;
				GCC_PREPROCESSOR_DEFINITIONS = (
					"DEBUG=1",
					"$(inherited)",
				);
				GCC_WARN_64_TO_32_BIT_CONVERSION = YES;
				GCC_WARN_ABOUT_RETURN_TYPE = YES_ERROR;
				GCC_WARN_UNDECLARED_SELECTOR = YES;
				GCC_WARN_UNINITIALIZED_AUTOS = YES_AGGRESSIVE;
				GCC_WARN_UNUSED_FUNCTION = YES;
				GCC_WARN_UNUSED_VARIABLE = YES;
				IPHONEOS_DEPLOYMENT_TARGET = 17.5;
				LOCALIZATION_PREFERS_STRING_CATALOGS = YES;
				MTL_ENABLE_DEBUG_INFO = INCLUDE_SOURCE;
				MTL_FAST_MATH = YES;
				ONLY_ACTIVE_ARCH = YES;
				SDKROOT = iphoneos;
				SWIFT_ACTIVE_COMPILATION_CONDITIONS = "DEBUG $(inherited)";
				SWIFT_OPTIMIZATION_LEVEL = "-Onone";
			};
			name = Debug;
		};
		34FC25E12C7E2D99000E90BD /* Release */ = {
			isa = XCBuildConfiguration;
			buildSettings = {
				ALWAYS_SEARCH_USER_PATHS = NO;
				ASSETCATALOG_COMPILER_GENERATE_SWIFT_ASSET_SYMBOL_EXTENSIONS = YES;
				CLANG_ANALYZER_NONNULL = YES;
				CLANG_ANALYZER_NUMBER_OBJECT_CONVERSION = YES_AGGRESSIVE;
				CLANG_CXX_LANGUAGE_STANDARD = "gnu++20";
				CLANG_ENABLE_MODULES = YES;
				CLANG_ENABLE_OBJC_ARC = YES;
				CLANG_ENABLE_OBJC_WEAK = YES;
				CLANG_WARN_BLOCK_CAPTURE_AUTORELEASING = YES;
				CLANG_WARN_BOOL_CONVERSION = YES;
				CLANG_WARN_COMMA = YES;
				CLANG_WARN_CONSTANT_CONVERSION = YES;
				CLANG_WARN_DEPRECATED_OBJC_IMPLEMENTATIONS = YES;
				CLANG_WARN_DIRECT_OBJC_ISA_USAGE = YES_ERROR;
				CLANG_WARN_DOCUMENTATION_COMMENTS = YES;
				CLANG_WARN_EMPTY_BODY = YES;
				CLANG_WARN_ENUM_CONVERSION = YES;
				CLANG_WARN_INFINITE_RECURSION = YES;
				CLANG_WARN_INT_CONVERSION = YES;
				CLANG_WARN_NON_LITERAL_NULL_CONVERSION = YES;
				CLANG_WARN_OBJC_IMPLICIT_RETAIN_SELF = YES;
				CLANG_WARN_OBJC_LITERAL_CONVERSION = YES;
				CLANG_WARN_OBJC_ROOT_CLASS = YES_ERROR;
				CLANG_WARN_QUOTED_INCLUDE_IN_FRAMEWORK_HEADER = YES;
				CLANG_WARN_RANGE_LOOP_ANALYSIS = YES;
				CLANG_WARN_STRICT_PROTOTYPES = YES;
				CLANG_WARN_SUSPICIOUS_MOVE = YES;
				CLANG_WARN_UNGUARDED_AVAILABILITY = YES_AGGRESSIVE;
				CLANG_WARN_UNREACHABLE_CODE = YES;
				CLANG_WARN__DUPLICATE_METHOD_MATCH = YES;
				COPY_PHASE_STRIP = NO;
				DEBUG_INFORMATION_FORMAT = "dwarf-with-dsym";
				ENABLE_NS_ASSERTIONS = NO;
				ENABLE_STRICT_OBJC_MSGSEND = YES;
				ENABLE_USER_SCRIPT_SANDBOXING = YES;
				GCC_C_LANGUAGE_STANDARD = gnu17;
				GCC_NO_COMMON_BLOCKS = YES;
				GCC_WARN_64_TO_32_BIT_CONVERSION = YES;
				GCC_WARN_ABOUT_RETURN_TYPE = YES_ERROR;
				GCC_WARN_UNDECLARED_SELECTOR = YES;
				GCC_WARN_UNINITIALIZED_AUTOS = YES_AGGRESSIVE;
				GCC_WARN_UNUSED_FUNCTION = YES;
				GCC_WARN_UNUSED_VARIABLE = YES;
				IPHONEOS_DEPLOYMENT_TARGET = 17.5;
				LOCALIZATION_PREFERS_STRING_CATALOGS = YES;
				MTL_ENABLE_DEBUG_INFO = NO;
				MTL_FAST_MATH = YES;
				SDKROOT = iphoneos;
				SWIFT_COMPILATION_MODE = wholemodule;
				VALIDATE_PRODUCT = YES;
			};
			name = Release;
		};
		34FC25E32C7E2D99000E90BD /* Debug */ = {
			isa = XCBuildConfiguration;
			buildSettings = {
				ASSETCATALOG_COMPILER_APPICON_NAME = AppIcon;
				ASSETCATALOG_COMPILER_GLOBAL_ACCENT_COLOR_NAME = AccentColor;
				CODE_SIGN_STYLE = Automatic;
				CURRENT_PROJECT_VERSION = 1;
				DEVELOPMENT_ASSET_PATHS = "\"SwiftPackages/Preview Content\"";
				DEVELOPMENT_TEAM = 4XAMG487KR;
				ENABLE_PREVIEWS = YES;
				GENERATE_INFOPLIST_FILE = YES;
				INFOPLIST_KEY_UIApplicationSceneManifest_Generation = YES;
				INFOPLIST_KEY_UIApplicationSupportsIndirectInputEvents = YES;
				INFOPLIST_KEY_UILaunchScreen_Generation = YES;
				INFOPLIST_KEY_UISupportedInterfaceOrientations_iPad = "UIInterfaceOrientationPortrait UIInterfaceOrientationPortraitUpsideDown UIInterfaceOrientationLandscapeLeft UIInterfaceOrientationLandscapeRight";
				INFOPLIST_KEY_UISupportedInterfaceOrientations_iPhone = "UIInterfaceOrientationPortrait UIInterfaceOrientationLandscapeLeft UIInterfaceOrientationLandscapeRight";
				LD_RUNPATH_SEARCH_PATHS = (
					"$(inherited)",
					"@executable_path/Frameworks",
				);
				MARKETING_VERSION = 1.0;
				PRODUCT_BUNDLE_IDENTIFIER = com.quarantasis.SwiftPackages;
				PRODUCT_NAME = "$(TARGET_NAME)";
				SWIFT_EMIT_LOC_STRINGS = YES;
				SWIFT_VERSION = 5.0;
				TARGETED_DEVICE_FAMILY = "1,2";
			};
			name = Debug;
		};
		34FC25E42C7E2D99000E90BD /* Release */ = {
			isa = XCBuildConfiguration;
			buildSettings = {
				ASSETCATALOG_COMPILER_APPICON_NAME = AppIcon;
				ASSETCATALOG_COMPILER_GLOBAL_ACCENT_COLOR_NAME = AccentColor;
				CODE_SIGN_STYLE = Automatic;
				CURRENT_PROJECT_VERSION = 1;
				DEVELOPMENT_ASSET_PATHS = "\"SwiftPackages/Preview Content\"";
				DEVELOPMENT_TEAM = 4XAMG487KR;
				ENABLE_PREVIEWS = YES;
				GENERATE_INFOPLIST_FILE = YES;
				INFOPLIST_KEY_UIApplicationSceneManifest_Generation = YES;
				INFOPLIST_KEY_UIApplicationSupportsIndirectInputEvents = YES;
				INFOPLIST_KEY_UILaunchScreen_Generation = YES;
				INFOPLIST_KEY_UISupportedInterfaceOrientations_iPad = "UIInterfaceOrientationPortrait UIInterfaceOrientationPortraitUpsideDown UIInterfaceOrientationLandscapeLeft UIInterfaceOrientationLandscapeRight";
				INFOPLIST_KEY_UISupportedInterfaceOrientations_iPhone = "UIInterfaceOrientationPortrait UIInterfaceOrientationLandscapeLeft UIInterfaceOrientationLandscapeRight";
				LD_RUNPATH_SEARCH_PATHS = (
					"$(inherited)",
					"@executable_path/Frameworks",
				);
				MARKETING_VERSION = 1.0;
				PRODUCT_BUNDLE_IDENTIFIER = com.quarantasis.SwiftPackages;
				PRODUCT_NAME = "$(TARGET_NAME)";
				SWIFT_EMIT_LOC_STRINGS = YES;
				SWIFT_VERSION = 5.0;
				TARGETED_DEVICE_FAMILY = "1,2";
			};
			name = Release;
		};
/* End XCBuildConfiguration section */

/* Begin XCConfigurationList section */
		34FC25CF2C7E2D97000E90BD /* Build configuration list for PBXProject "SwiftPackages" */ = {
			isa = XCConfigurationList;
			buildConfigurations = (
				34FC25E02C7E2D99000E90BD /* Debug */,
				34FC25E12C7E2D99000E90BD /* Release */,
			);
			defaultConfigurationIsVisible = 0;
			defaultConfigurationName = Release;
		};
		34FC25E22C7E2D99000E90BD /* Build configuration list for PBXNativeTarget "SwiftPackages" */ = {
			isa = XCConfigurationList;
			buildConfigurations = (
				34FC25E32C7E2D99000E90BD /* Debug */,
				34FC25E42C7E2D99000E90BD /* Release */,
			);
			defaultConfigurationIsVisible = 0;
			defaultConfigurationName = Release;
		};
/* End XCConfigurationList section */

/* Begin XCRemoteSwiftPackageReference section */
		34A0A29A2C82145900DCC628 /* XCRemoteSwiftPackageReference "keychain-swift" */ = {
			isa = XCRemoteSwiftPackageReference;
			repositoryURL = "https://github.com/evgenyneu/keychain-swift.git";
			requirement = {
				kind = upToNextMajorVersion;
				minimumVersion = 24.0.0;
			};
		};
		34DCC2932C80D06E0063A9EC /* XCRemoteSwiftPackageReference "Kingfisher" */ = {
			isa = XCRemoteSwiftPackageReference;
			repositoryURL = "https://github.com/onevcat/Kingfisher.git";
			requirement = {
				kind = upToNextMajorVersion;
				minimumVersion = 7.12.0;
			};
		};
		34FC25E52C7E2F38000E90BD /* XCRemoteSwiftPackageReference "SDWebImageSwiftUI" */ = {
			isa = XCRemoteSwiftPackageReference;
			repositoryURL = "https://github.com/SDWebImage/SDWebImageSwiftUI.git";
			requirement = {
				kind = upToNextMajorVersion;
				minimumVersion = 3.1.1;
			};
		};
/* End XCRemoteSwiftPackageReference section */

/* Begin XCSwiftPackageProductDependency section */
		34A0A29B2C82145900DCC628 /* KeychainSwift */ = {
			isa = XCSwiftPackageProductDependency;
			package = 34A0A29A2C82145900DCC628 /* XCRemoteSwiftPackageReference "keychain-swift" */;
			productName = KeychainSwift;
		};
		34DCC2942C80D06E0063A9EC /* Kingfisher */ = {
			isa = XCSwiftPackageProductDependency;
			package = 34DCC2932C80D06E0063A9EC /* XCRemoteSwiftPackageReference "Kingfisher" */;
			productName = Kingfisher;
		};
		34FC25E62C7E2F38000E90BD /* SDWebImageSwiftUI */ = {
			isa = XCSwiftPackageProductDependency;
			package = 34FC25E52C7E2F38000E90BD /* XCRemoteSwiftPackageReference "SDWebImageSwiftUI" */;
			productName = SDWebImageSwiftUI;
		};
/* End XCSwiftPackageProductDependency section */
	};
	rootObject = 34FC25CC2C7E2D97000E90BD /* Project object */;
}
